{
    "_readme": [
        "This file locks the dependencies of your project to a known state",
        "Read more about it at https://getcomposer.org/doc/01-basic-usage.md#installing-dependencies",
        "This file is @generated automatically"
    ],
    "content-hash": "00cd9a3ad53f43fcb986a61a7c1fb5e6",
    "packages": [
        {
            "name": "pocketmine/color",
            "version": "dev-master",
            "source": {
                "type": "git",
                "url": "https://github.com/pmmp/Color.git",
                "reference": "969e9ca687f4e5fc216010aa1d0d6d66b5343c00"
            },
            "dist": {
                "type": "zip",
                "url": "https://api.github.com/repos/pmmp/Color/zipball/969e9ca687f4e5fc216010aa1d0d6d66b5343c00",
                "reference": "969e9ca687f4e5fc216010aa1d0d6d66b5343c00",
                "shasum": ""
            },
            "require": {
                "php": "^7.2 || ^8.0"
            },
            "require-dev": {
                "phpstan/phpstan": "0.12.99",
                "phpstan/phpstan-strict-rules": "^0.12.2"
            },
            "default-branch": true,
            "type": "library",
            "autoload": {
                "psr-4": {
                    "pocketmine\\color\\": "src/"
                }
            },
            "notification-url": "https://packagist.org/downloads/",
            "license": [
                "LGPL-3.0"
            ],
            "description": "Color handling library used by PocketMine-MP and related projects",
            "support": {
                "issues": "https://github.com/pmmp/Color/issues",
                "source": "https://github.com/pmmp/Color/tree/master"
            },
            "time": "2021-10-01T11:19:14+00:00"
        }
    ],
    "packages-dev": [
        {
            "name": "phpstan/phpstan",
            "version": "1.8.x-dev",
            "source": {
                "type": "git",
                "url": "https://github.com/phpstan/phpstan.git",
                "reference": "2ff7b8cc948b58544f3a82ba0ffcca93fdb688b5"
            },
            "dist": {
                "type": "zip",
                "url": "https://api.github.com/repos/phpstan/phpstan/zipball/2ff7b8cc948b58544f3a82ba0ffcca93fdb688b5",
                "reference": "2ff7b8cc948b58544f3a82ba0ffcca93fdb688b5",
                "shasum": ""
            },
            "require": {
                "php": "^7.2|^8.0"
            },
            "conflict": {
                "phpstan/phpstan-shim": "*"
            },
            "default-branch": true,
            "bin": [
                "phpstan",
                "phpstan.phar"
            ],
            "type": "library",
            "autoload": {
                "files": [
                    "bootstrap.php"
                ]
            },
            "notification-url": "https://packagist.org/downloads/",
            "license": [
                "MIT"
            ],
            "description": "PHPStan - PHP Static Analysis Tool",
            "support": {
                "issues": "https://github.com/phpstan/phpstan/issues",
                "source": "https://github.com/phpstan/phpstan/tree/1.8.x"
            },
            "funding": [
                {
                    "url": "https://github.com/ondrejmirtes",
                    "type": "github"
                },
                {
                    "url": "https://github.com/phpstan",
                    "type": "github"
                },
                {
                    "url": "https://www.patreon.com/phpstan",
                    "type": "patreon"
                },
                {
                    "url": "https://tidelift.com/funding/github/packagist/phpstan/phpstan",
                    "type": "tidelift"
                }
            ],
            "time": "2022-07-11T12:17:37+00:00"
        }
    ],
    "aliases": [],
    "minimum-stability": "dev",
    "stability-flags": [],
    "prefer-stable": false,
    "prefer-lowest": false,
    "platform": {
        "php": "^8.0",
        "ext-json": "*",
        "ext-curl": "*",
        "ext-fileinfo": "*"
    },
    "platform-dev": [],
    "plugin-api-version": "2.2.0"
}
